
Microsoft Visual Studio Solution File, Format Version 12.00
# Visual Studio Version 16
VisualStudioVersion = 16.0.34114.132
MinimumVisualStudioVersion = 10.0.40219.1
Project("{FAE04EC0-301F-11D3-BF4B-00C04F79EFBC}") = "CSharp-Form-FunctionCalculator", "CSharp-Form-FunctionCalculator\CSharp-Form-FunctionCalculator.csproj", "{1A08FA7F-BFF0-43E8-83C1-D30F741485B8}"
EndProject
Global
	GlobalSection(SolutionConfigurationPlatforms) = preSolution
		Debug|Any CPU = Debug|Any CPU
		Release|Any CPU = Release|Any CPU
	EndGlobalSection
	GlobalSection(ProjectConfigurationPlatforms) = postSolution
		{1A08FA7F-BFF0-43E8-83C1-D30F741485B8}.Debug|Any CPU.ActiveCfg = Debug|Any CPU
		{1A08FA7F-BFF0-43E8-83C1-D30F741485B8}.Debug|Any CPU.Build.0 = Debug|Any CPU
		{1A08FA7F-BFF0-43E8-83C1-D30F741485B8}.Release|Any CPU.ActiveCfg = Release|Any CPU
		{1A08FA7F-BFF0-43E8-83C1-D30F741485B8}.Release|Any CPU.Build.0 = Release|Any CPU
	EndGlobalSection
	GlobalSection(SolutionProperties) = preSolution
		HideSolutionNode = FALSE
	EndGlobalSection
	GlobalSection(ExtensibilityGlobals) = postSolution
		SolutionGuid = {58EF3F0B-B67E-4476-BD1B-9551964CF02D}
	EndGlobalSection
EndGlobal
